
Microsoft Visual Studio Solution File, Format Version 12.00
# Visual Studio Version 17
VisualStudioVersion = 17.5.33627.172
MinimumVisualStudioVersion = 10.0.40219.1
Project("{8BC9CEB8-8B4A-11D0-8D11-00A0C91BC942}") = "EditCalculator", "EditCalculator\EditCalculator.vcxproj", "{94B1ECF3-54F7-4FA5-95B8-40F39939C357}"
EndProject
Global
	GlobalSection(SolutionConfigurationPlatforms) = preSolution
		Debug|x64 = Debug|x64
		Debug|x86 = Debug|x86
		Release|x64 = Release|x64
		Release|x86 = Release|x86
	EndGlobalSection
	GlobalSection(ProjectConfigurationPlatforms) = postSolution
		{94B1ECF3-54F7-4FA5-95B8-40F39939C357}.Debug|x64.ActiveCfg = Debug|x64
		{94B1ECF3-54F7-4FA5-95B8-40F39939C357}.Debug|x64.Build.0 = Debug|x64
		{94B1ECF3-54F7-4FA5-95B8-40F39939C357}.Debug|x86.ActiveCfg = Debug|Win32
		{94B1ECF3-54F7-4FA5-95B8-40F39939C357}.Debug|x86.Build.0 = Debug|Win32
		{94B1ECF3-54F7-4FA5-95B8-40F39939C357}.Release|x64.ActiveCfg = Release|x64
		{94B1ECF3-54F7-4FA5-95B8-40F39939C357}.Release|x64.Build.0 = Release|x64
		{94B1ECF3-54F7-4FA5-95B8-40F39939C357}.Release|x86.ActiveCfg = Release|Win32
		{94B1ECF3-54F7-4FA5-95B8-40F39939C357}.Release|x86.Build.0 = Release|Win32
	EndGlobalSection
	GlobalSection(SolutionProperties) = preSolution
		HideSolutionNode = FALSE
	EndGlobalSection
	GlobalSection(ExtensibilityGlobals) = postSolution
		SolutionGuid = {7CF16BDC-0AA3-4DC8-813A-527AD67EB92F}
	EndGlobalSection
EndGlobal
